{
  "lockfileVersion": 1,
  "configVersion": 1,
  "workspaces": {
    "": {
      "name": "thesis-map",
    },
    "client": {
      "name": "client",
    },
    "server": {
      "name": "server",
    },
  },
  "packages": {
    "client": ["client@workspace:client"],

    "server": ["server@workspace:server"],
  }
}
